
Microsoft Visual Studio Solution File, Format Version 12.00
# Visual Studio Version 17
VisualStudioVersion = 17.12.35707.178
MinimumVisualStudioVersion = 10.0.40219.1
Project("{FAE04EC0-301F-11D3-BF4B-00C04F79EFBC}") = "Foundation.Components", "Foundation.Components\Foundation.Components.csproj", "{7171844E-45FB-4648-94AF-0391742B2A07}"
EndProject
Project("{FAE04EC0-301F-11D3-BF4B-00C04F79EFBC}") = "Foundation.Web", "Foundation.Web\Foundation.Web.csproj", "{3952C78E-B93D-47BE-9118-891C9C3143A9}"
EndProject
Project("{FAE04EC0-301F-11D3-BF4B-00C04F79EFBC}") = "Foundation.Security", "Foundation.Security\Foundation.Security.csproj", "{911B7864-EDEE-4D51-BFBC-B50306C89FD8}"
EndProject
Project("{2150E333-8FDC-42A3-9474-1A3956D46DE8}") = "Foundation.Tests", "Foundation.Tests", "{32C4694C-DFB2-47F5-8841-5C852D530DA7}"
EndProject
Project("{FAE04EC0-301F-11D3-BF4B-00C04F79EFBC}") = "Foundation.Tests.Components", "Foundation.Tests.Components\Foundation.Tests.Components.csproj", "{8713E164-1B01-4688-84C1-40CCBE935AA2}"
EndProject
Global
	GlobalSection(SolutionConfigurationPlatforms) = preSolution
		Debug|Any CPU = Debug|Any CPU
		Release|Any CPU = Release|Any CPU
	EndGlobalSection
	GlobalSection(ProjectConfigurationPlatforms) = postSolution
		{7171844E-45FB-4648-94AF-0391742B2A07}.Debug|Any CPU.ActiveCfg = Debug|Any CPU
		{7171844E-45FB-4648-94AF-0391742B2A07}.Debug|Any CPU.Build.0 = Debug|Any CPU
		{7171844E-45FB-4648-94AF-0391742B2A07}.Release|Any CPU.ActiveCfg = Release|Any CPU
		{7171844E-45FB-4648-94AF-0391742B2A07}.Release|Any CPU.Build.0 = Release|Any CPU
		{3952C78E-B93D-47BE-9118-891C9C3143A9}.Debug|Any CPU.ActiveCfg = Debug|Any CPU
		{3952C78E-B93D-47BE-9118-891C9C3143A9}.Debug|Any CPU.Build.0 = Debug|Any CPU
		{3952C78E-B93D-47BE-9118-891C9C3143A9}.Release|Any CPU.ActiveCfg = Release|Any CPU
		{3952C78E-B93D-47BE-9118-891C9C3143A9}.Release|Any CPU.Build.0 = Release|Any CPU
		{911B7864-EDEE-4D51-BFBC-B50306C89FD8}.Debug|Any CPU.ActiveCfg = Debug|Any CPU
		{911B7864-EDEE-4D51-BFBC-B50306C89FD8}.Debug|Any CPU.Build.0 = Debug|Any CPU
		{911B7864-EDEE-4D51-BFBC-B50306C89FD8}.Release|Any CPU.ActiveCfg = Release|Any CPU
		{911B7864-EDEE-4D51-BFBC-B50306C89FD8}.Release|Any CPU.Build.0 = Release|Any CPU
		{8713E164-1B01-4688-84C1-40CCBE935AA2}.Debug|Any CPU.ActiveCfg = Debug|Any CPU
		{8713E164-1B01-4688-84C1-40CCBE935AA2}.Debug|Any CPU.Build.0 = Debug|Any CPU
		{8713E164-1B01-4688-84C1-40CCBE935AA2}.Release|Any CPU.ActiveCfg = Release|Any CPU
		{8713E164-1B01-4688-84C1-40CCBE935AA2}.Release|Any CPU.Build.0 = Release|Any CPU
	EndGlobalSection
	GlobalSection(SolutionProperties) = preSolution
		HideSolutionNode = FALSE
	EndGlobalSection
	GlobalSection(NestedProjects) = preSolution
		{8713E164-1B01-4688-84C1-40CCBE935AA2} = {32C4694C-DFB2-47F5-8841-5C852D530DA7}
	EndGlobalSection
EndGlobal
