
Microsoft Visual Studio Solution File, Format Version 12.00
# Visual Studio Version 17
VisualStudioVersion = 17.12.35707.178
MinimumVisualStudioVersion = 10.0.40219.1
Project("{FAE04EC0-301F-11D3-BF4B-00C04F79EFBC}") = "CGFoundation.Components", "GCFoundation.Components\CGFoundation.Components.csproj", "{7171844E-45FB-4648-94AF-0391742B2A07}"
EndProject
Project("{FAE04EC0-301F-11D3-BF4B-00C04F79EFBC}") = "GCFoundation.Web", "GCFoundation.Web\GCFoundation.Web.csproj", "{3952C78E-B93D-47BE-9118-891C9C3143A9}"
EndProject
Project("{FAE04EC0-301F-11D3-BF4B-00C04F79EFBC}") = "GCFoundation.Security", "GCFoundation.Security\GCFoundation.Security.csproj", "{911B7864-EDEE-4D51-BFBC-B50306C89FD8}"
EndProject
Project("{2150E333-8FDC-42A3-9474-1A3956D46DE8}") = "GCFoundation.Tests", "GCFoundation.Tests", "{32C4694C-DFB2-47F5-8841-5C852D530DA7}"
EndProject
Project("{FAE04EC0-301F-11D3-BF4B-00C04F79EFBC}") = "GCFoundation.Tests.Components", "GCFoundation.Tests.Components\GCFoundation.Tests.Components.csproj", "{8713E164-1B01-4688-84C1-40CCBE935AA2}"
EndProject
Project("{2150E333-8FDC-42A3-9474-1A3956D46DE8}") = "GCFoundation.lib", "Foundation.lib", "{02EA681E-C7D8-13C7-8484-4AC65E1B71E8}"
EndProject
Project("{2150E333-8FDC-42A3-9474-1A3956D46DE8}") = "GCFoundation.GUI", "Foundation.GUI", "{33E917A5-46A0-4D18-AEA8-F80CE2F8FB76}"
EndProject
Project("{FAE04EC0-301F-11D3-BF4B-00C04F79EFBC}") = "GCFoundation.Common", "GCFoundation.Common\GCFoundation.Common.csproj", "{A0BD39B3-2F55-45C5-BB8D-3171E8549899}"
EndProject
Global
	GlobalSection(SolutionConfigurationPlatforms) = preSolution
		Debug|Any CPU = Debug|Any CPU
		Release|Any CPU = Release|Any CPU
	EndGlobalSection
	GlobalSection(ProjectConfigurationPlatforms) = postSolution
		{7171844E-45FB-4648-94AF-0391742B2A07}.Debug|Any CPU.ActiveCfg = Debug|Any CPU
		{7171844E-45FB-4648-94AF-0391742B2A07}.Debug|Any CPU.Build.0 = Debug|Any CPU
		{7171844E-45FB-4648-94AF-0391742B2A07}.Release|Any CPU.ActiveCfg = Release|Any CPU
		{7171844E-45FB-4648-94AF-0391742B2A07}.Release|Any CPU.Build.0 = Release|Any CPU
		{3952C78E-B93D-47BE-9118-891C9C3143A9}.Debug|Any CPU.ActiveCfg = Debug|Any CPU
		{3952C78E-B93D-47BE-9118-891C9C3143A9}.Debug|Any CPU.Build.0 = Debug|Any CPU
		{3952C78E-B93D-47BE-9118-891C9C3143A9}.Release|Any CPU.ActiveCfg = Release|Any CPU
		{3952C78E-B93D-47BE-9118-891C9C3143A9}.Release|Any CPU.Build.0 = Release|Any CPU
		{911B7864-EDEE-4D51-BFBC-B50306C89FD8}.Debug|Any CPU.ActiveCfg = Debug|Any CPU
		{911B7864-EDEE-4D51-BFBC-B50306C89FD8}.Debug|Any CPU.Build.0 = Debug|Any CPU
		{911B7864-EDEE-4D51-BFBC-B50306C89FD8}.Release|Any CPU.ActiveCfg = Release|Any CPU
		{911B7864-EDEE-4D51-BFBC-B50306C89FD8}.Release|Any CPU.Build.0 = Release|Any CPU
		{8713E164-1B01-4688-84C1-40CCBE935AA2}.Debug|Any CPU.ActiveCfg = Debug|Any CPU
		{8713E164-1B01-4688-84C1-40CCBE935AA2}.Debug|Any CPU.Build.0 = Debug|Any CPU
		{8713E164-1B01-4688-84C1-40CCBE935AA2}.Release|Any CPU.ActiveCfg = Release|Any CPU
		{8713E164-1B01-4688-84C1-40CCBE935AA2}.Release|Any CPU.Build.0 = Release|Any CPU
		{A0BD39B3-2F55-45C5-BB8D-3171E8549899}.Debug|Any CPU.ActiveCfg = Debug|Any CPU
		{A0BD39B3-2F55-45C5-BB8D-3171E8549899}.Debug|Any CPU.Build.0 = Debug|Any CPU
		{A0BD39B3-2F55-45C5-BB8D-3171E8549899}.Release|Any CPU.ActiveCfg = Release|Any CPU
		{A0BD39B3-2F55-45C5-BB8D-3171E8549899}.Release|Any CPU.Build.0 = Release|Any CPU
	EndGlobalSection
	GlobalSection(SolutionProperties) = preSolution
		HideSolutionNode = FALSE
	EndGlobalSection
	GlobalSection(NestedProjects) = preSolution
		{7171844E-45FB-4648-94AF-0391742B2A07} = {02EA681E-C7D8-13C7-8484-4AC65E1B71E8}
		{3952C78E-B93D-47BE-9118-891C9C3143A9} = {33E917A5-46A0-4D18-AEA8-F80CE2F8FB76}
		{911B7864-EDEE-4D51-BFBC-B50306C89FD8} = {02EA681E-C7D8-13C7-8484-4AC65E1B71E8}
		{8713E164-1B01-4688-84C1-40CCBE935AA2} = {32C4694C-DFB2-47F5-8841-5C852D530DA7}
		{A0BD39B3-2F55-45C5-BB8D-3171E8549899} = {02EA681E-C7D8-13C7-8484-4AC65E1B71E8}
	EndGlobalSection
	GlobalSection(ExtensibilityGlobals) = postSolution
		SolutionGuid = {6C1579E6-5869-4607-AAA8-BF4BF7463E36}
	EndGlobalSection
EndGlobal
